
Microsoft Visual Studio Solution File, Format Version 12.00
# Visual Studio Version 17
VisualStudioVersion = 17.14.36429.23 d17.14
MinimumVisualStudioVersion = 10.0.40219.1
Project("{FAE04EC0-301F-11D3-BF4B-00C04F79EFBC}") = "OrdersApi.Domain", "OrdersApi.Domain\OrdersApi.Domain.csproj", "{7FC88F51-F619-4822-A762-E0A1EA5EADE2}"
EndProject
Project("{FAE04EC0-301F-11D3-BF4B-00C04F79EFBC}") = "OrdersApi.Application", "OrdersApi.Application\OrdersApi.Application.csproj", "{20585F97-D540-4A26-86C9-D74C0CCBE9FA}"
EndProject
Project("{FAE04EC0-301F-11D3-BF4B-00C04F79EFBC}") = "OrdersApi.Infrastructure", "OrdersApi.Infrastructure\OrdersApi.Infrastructure.csproj", "{D04A6860-FEE8-479D-996E-7712E6908D52}"
EndProject
Project("{FAE04EC0-301F-11D3-BF4B-00C04F79EFBC}") = "OrdersApi.API", "OrdersApi.API\OrdersApi.API.csproj", "{664D8EA6-2433-4410-B0D8-57CBC219E7E2}"
EndProject
Project("{FAE04EC0-301F-11D3-BF4B-00C04F79EFBC}") = "OrdersApi.Tests", "OrdersApi.Tests\OrdersApi.Tests.csproj", "{B2C8CA34-D55D-418B-B846-8BF343B2743C}"
EndProject
Global
	GlobalSection(SolutionConfigurationPlatforms) = preSolution
		Debug|Any CPU = Debug|Any CPU
		Release|Any CPU = Release|Any CPU
	EndGlobalSection
	GlobalSection(ProjectConfigurationPlatforms) = postSolution
		{7FC88F51-F619-4822-A762-E0A1EA5EADE2}.Debug|Any CPU.ActiveCfg = Debug|Any CPU
		{7FC88F51-F619-4822-A762-E0A1EA5EADE2}.Debug|Any CPU.Build.0 = Debug|Any CPU
		{7FC88F51-F619-4822-A762-E0A1EA5EADE2}.Release|Any CPU.ActiveCfg = Release|Any CPU
		{7FC88F51-F619-4822-A762-E0A1EA5EADE2}.Release|Any CPU.Build.0 = Release|Any CPU
		{20585F97-D540-4A26-86C9-D74C0CCBE9FA}.Debug|Any CPU.ActiveCfg = Debug|Any CPU
		{20585F97-D540-4A26-86C9-D74C0CCBE9FA}.Debug|Any CPU.Build.0 = Debug|Any CPU
		{20585F97-D540-4A26-86C9-D74C0CCBE9FA}.Release|Any CPU.ActiveCfg = Release|Any CPU
		{20585F97-D540-4A26-86C9-D74C0CCBE9FA}.Release|Any CPU.Build.0 = Release|Any CPU
		{D04A6860-FEE8-479D-996E-7712E6908D52}.Debug|Any CPU.ActiveCfg = Debug|Any CPU
		{D04A6860-FEE8-479D-996E-7712E6908D52}.Debug|Any CPU.Build.0 = Debug|Any CPU
		{D04A6860-FEE8-479D-996E-7712E6908D52}.Release|Any CPU.ActiveCfg = Release|Any CPU
		{D04A6860-FEE8-479D-996E-7712E6908D52}.Release|Any CPU.Build.0 = Release|Any CPU
		{664D8EA6-2433-4410-B0D8-57CBC219E7E2}.Debug|Any CPU.ActiveCfg = Debug|Any CPU
		{664D8EA6-2433-4410-B0D8-57CBC219E7E2}.Debug|Any CPU.Build.0 = Debug|Any CPU
		{664D8EA6-2433-4410-B0D8-57CBC219E7E2}.Release|Any CPU.ActiveCfg = Release|Any CPU
		{664D8EA6-2433-4410-B0D8-57CBC219E7E2}.Release|Any CPU.Build.0 = Release|Any CPU
		{B2C8CA34-D55D-418B-B846-8BF343B2743C}.Debug|Any CPU.ActiveCfg = Debug|Any CPU
		{B2C8CA34-D55D-418B-B846-8BF343B2743C}.Debug|Any CPU.Build.0 = Debug|Any CPU
		{B2C8CA34-D55D-418B-B846-8BF343B2743C}.Release|Any CPU.ActiveCfg = Release|Any CPU
		{B2C8CA34-D55D-418B-B846-8BF343B2743C}.Release|Any CPU.Build.0 = Release|Any CPU
	EndGlobalSection
	GlobalSection(SolutionProperties) = preSolution
		HideSolutionNode = FALSE
	EndGlobalSection
	GlobalSection(ExtensibilityGlobals) = postSolution
		SolutionGuid = {1AA862C4-D263-4717-88C9-C18E21B915C8}
	EndGlobalSection
EndGlobal
